{
  "name": "codequality",
  "version": "1.0.0",
  "lockfileVersion": 3,
  "requires": true,
  "packages": {
    "": {
      "name": "codequality",
      "version": "1.0.0",
      "devDependencies": {
        "flow-bin": "^0.332.0",
        "flow-remove-types": "^2.332.0"
      }
    },
    "node_modules/flow-bin": {
      "version": "0.332.0",
      "resolved": "https://registry.npmjs.org/flow-bin/-/flow-bin-0.332.0.tgz",
      "integrity": "sha512-Vf1fSgUkwKwwN/xt2vFHxiML8g6BBGXbKHlgZm4R//bNp+pc9DMKQ5F0vsTXdBMaeHrFur1U5Lonh9w2bxb8nA==",
      "dev": true,
      "license": "MIT",
      "bin": {
        "flow": "cli.js"
      },
      "engines": {
        "node": ">=0.10.0"
      }
    },
    "node_modules/flow-remove-types": {
      "version": "2.332.0",
      "resolved": "https://registry.npmjs.org/flow-remove-types/-/flow-remove-types-2.332.0.tgz",
      "integrity": "sha512-lbyVjx/qHu0qxUL3OwJA/AUDus7qaODEnUSO00RytirjI0E8fm92Y6qLWkIiQfUvM2I8NpUZb0dyaXpVPnCivg==",
      "dev": true,
      "license": "MIT",
      "dependencies": {
        "hermes-parser": "0.36.1",
        "pirates": "^3.0.2",
        "vlq": "^0.2.1"
      },
      "bin": {
        "flow-node": "flow-node",
        "flow-remove-types": "flow-remove-types"
      },
      "engines": {
        "node": ">=4"
      }
    },
    "node_modules/hermes-estree": {
      "version": "0.36.1",
      "resolved": "https://registry.npmjs.org/hermes-estree/-/hermes-estree-0.36.1.tgz",
      "integrity": "sha512-guv1nQ6IJ7S83NRFPWc3SA7IBZrdNC9kapwOq6uXvF4wP+sDCgjzQbKPCoyYmoyZRzztF/n/c36l/rccCZSiCw==",
      "dev": true,
      "license": "MIT"
    },
    "node_modules/hermes-parser": {
      "version": "0.36.1",
      "resolved": "https://registry.npmjs.org/hermes-parser/-/hermes-parser-0.36.1.tgz",
      "integrity": "sha512-GApNk4zLHi2UWoWZZkx7LNCOSzLSc5lB55pZ/PhK7ycFeg7u5LcF88p/WbpIi1XUDtE0MpHE3uRR3u3KB7TjSQ==",
      "dev": true,
      "license": "MIT",
      "dependencies": {
        "hermes-estree": "0.36.1"
      }
    },
    "node_modules/node-modules-regexp": {
      "version": "1.0.0",
      "resolved": "https://registry.npmjs.org/node-modules-regexp/-/node-modules-regexp-1.0.0.tgz",
      "integrity": "sha512-JMaRS9L4wSRIR+6PTVEikTrq/lMGEZR43a48ETeilY0Q0iMwVnccMFrUM1k+tNzmYuIU0Vh710bCUqHX+/+ctQ==",
      "dev": true,
      "license": "MIT",
      "engines": {
        "node": ">=0.10.0"
      }
    },
    "node_modules/pirates": {
      "version": "3.0.2",
      "resolved": "https://registry.npmjs.org/pirates/-/pirates-3.0.2.tgz",
      "integrity": "sha512-c5CgUJq6H2k6MJz72Ak1F5sN9n9wlSlJyEnwvpm9/y3WB4E3pHBDT2c6PEiS1vyJvq2bUxUAIu0EGf8Cx4Ic7Q==",
      "dev": true,
      "license": "MIT",
      "dependencies": {
        "node-modules-regexp": "^1.0.0"
      },
      "engines": {
        "node": ">= 4"
      }
    },
    "node_modules/vlq": {
      "version": "0.2.3",
      "resolved": "https://registry.npmjs.org/vlq/-/vlq-0.2.3.tgz",
      "integrity": "sha512-DRibZL6DsNhIgYQ+wNdWDL2SL3bKPlVrRiBqV5yuMm++op8W4kGFtaQfCs4KEJn0wBZcHVHJ3eoywX8983k1ow==",
      "dev": true,
      "license": "MIT"
    }
  }
}
